
Microsoft Visual Studio Solution File, Format Version 12.00
# Visual Studio Version 16
VisualStudioVersion = 16.0.30804.86
MinimumVisualStudioVersion = 10.0.40219.1
Project("{9A19103F-16F7-4668-BE54-9A1E7A4F7556}") = "WindowsPrometheusSync", "WindowsPrometheusSync\WindowsPrometheusSync.csproj", "{11644962-E71D-4A5A-B3C5-CFB8ABEB19D8}"
EndProject
Project("{9A19103F-16F7-4668-BE54-9A1E7A4F7556}") = "WindowsPrometheusSync.Test", "WindowsPrometheusSync.Test\WindowsPrometheusSync.Test.csproj", "{590F9F76-4410-49EE-8C0A-B965F7C9ABB1}"
EndProject
Project("{2150E333-8FDC-42A3-9474-1A3956D46DE8}") = "Solution Items", "Solution Items", "{91685492-20D6-4C3A-BF35-1288288AEE43}"
	ProjectSection(SolutionItems) = preProject
		.gitignore = .gitignore
		README.md = README.md
	EndProjectSection
EndProject
Global
	GlobalSection(SolutionConfigurationPlatforms) = preSolution
		Debug|Any CPU = Debug|Any CPU
		Release|Any CPU = Release|Any CPU
	EndGlobalSection
	GlobalSection(ProjectConfigurationPlatforms) = postSolution
		{11644962-E71D-4A5A-B3C5-CFB8ABEB19D8}.Debug|Any CPU.ActiveCfg = Debug|Any CPU
		{11644962-E71D-4A5A-B3C5-CFB8ABEB19D8}.Debug|Any CPU.Build.0 = Debug|Any CPU
		{11644962-E71D-4A5A-B3C5-CFB8ABEB19D8}.Release|Any CPU.ActiveCfg = Release|Any CPU
		{11644962-E71D-4A5A-B3C5-CFB8ABEB19D8}.Release|Any CPU.Build.0 = Release|Any CPU
		{590F9F76-4410-49EE-8C0A-B965F7C9ABB1}.Debug|Any CPU.ActiveCfg = Debug|Any CPU
		{590F9F76-4410-49EE-8C0A-B965F7C9ABB1}.Debug|Any CPU.Build.0 = Debug|Any CPU
		{590F9F76-4410-49EE-8C0A-B965F7C9ABB1}.Release|Any CPU.ActiveCfg = Release|Any CPU
		{590F9F76-4410-49EE-8C0A-B965F7C9ABB1}.Release|Any CPU.Build.0 = Release|Any CPU
	EndGlobalSection
	GlobalSection(SolutionProperties) = preSolution
		HideSolutionNode = FALSE
	EndGlobalSection
	GlobalSection(ExtensibilityGlobals) = postSolution
		SolutionGuid = {E29BD66C-1746-4053-BDCF-7160DAD24C74}
	EndGlobalSection
EndGlobal
